<Solution>
  <Folder Name="/src/">
    <Project Path="src/Fortnite.Api/Fortnite.Api.csproj" />
    <Project Path="src/Fortnite.Core/Fortnite.Core.csproj" />
    <Project Path="src/Fortnite.Ingest/Fortnite.Ingest.csproj" />
    <Project Path="src/Fortnite.Processing/Fortnite.Processing.csproj" />
  </Folder>
</Solution>
